// !$*UTF8*$!
{
	archiveVersion = 1;
	classes = {
	};
	objectVersion = 56;
	objects = {

/* Begin PBXBuildFile section */
		930780A4296F3FA9003E131F /* SPW.png in Resources */ = {isa = PBXBuildFile; fileRef = 930780A3296F3FA9003E131F /* SPW.png */; };
		93181B31296B24B40030A05C /* SwiftUI_PropertyWrapperTestApp.swift in Sources */ = {isa = PBXBuildFile; fileRef = 93181B30296B24B40030A05C /* SwiftUI_PropertyWrapperTestApp.swift */; };
		93181B33296B24B40030A05C /* ContentView.swift in Sources */ = {isa = PBXBuildFile; fileRef = 93181B32296B24B40030A05C /* ContentView.swift */; };
		93181B35296B24B60030A05C /* Assets.xcassets in Resources */ = {isa = PBXBuildFile; fileRef = 93181B34296B24B60030A05C /* Assets.xcassets */; };
		93181B38296B24B60030A05C /* Preview Assets.xcassets in Resources */ = {isa = PBXBuildFile; fileRef = 93181B37296B24B60030A05C /* Preview Assets.xcassets */; };
		93181B3F296B252B0030A05C /* Test-BasicState.swift in Sources */ = {isa = PBXBuildFile; fileRef = 93181B3E296B252B0030A05C /* Test-BasicState.swift */; };
		93181B41296B27430030A05C /* Test-BasicStateBinding.swift in Sources */ = {isa = PBXBuildFile; fileRef = 93181B40296B27430030A05C /* Test-BasicStateBinding.swift */; };
		93181B43296B28740030A05C /* Test-BasicObservableObject.swift in Sources */ = {isa = PBXBuildFile; fileRef = 93181B42296B28740030A05C /* Test-BasicObservableObject.swift */; };
		93181B45296B290C0030A05C /* Test-StateBindingMultiLevel.swift in Sources */ = {isa = PBXBuildFile; fileRef = 93181B44296B290C0030A05C /* Test-StateBindingMultiLevel.swift */; };
		93181B47296B6D6A0030A05C /* Test-BiggerObservableObject.swift in Sources */ = {isa = PBXBuildFile; fileRef = 93181B46296B6D690030A05C /* Test-BiggerObservableObject.swift */; };
		93181B49296B7AEB0030A05C /* Test-BasicAppStorage.swift in Sources */ = {isa = PBXBuildFile; fileRef = 93181B48296B7AEB0030A05C /* Test-BasicAppStorage.swift */; };
		93181B4B296B8FC60030A05C /* Test-AppStorage.swift in Sources */ = {isa = PBXBuildFile; fileRef = 93181B4A296B8FC60030A05C /* Test-AppStorage.swift */; };
		93181B4D296BB8310030A05C /* Test-StateObject.swift in Sources */ = {isa = PBXBuildFile; fileRef = 93181B4C296BB8310030A05C /* Test-StateObject.swift */; };
		931CF9F0296E898C004D8D21 /* Menu.swift in Sources */ = {isa = PBXBuildFile; fileRef = 931CF9EF296E898C004D8D21 /* Menu.swift */; };
		931CF9F3296E8C56004D8D21 /* Func-FormatNavigationTitle.swift in Sources */ = {isa = PBXBuildFile; fileRef = 931CF9F2296E8C56004D8D21 /* Func-FormatNavigationTitle.swift */; };
		9351EDA1296CF69700F2A90D /* Test-StateObjectObservedObject.swift in Sources */ = {isa = PBXBuildFile; fileRef = 9351EDA0296CF69700F2A90D /* Test-StateObjectObservedObject.swift */; };
		93F3FE38296BDE04000AACCD /* Test-FetchRequest.swift in Sources */ = {isa = PBXBuildFile; fileRef = 93F3FE37296BDE04000AACCD /* Test-FetchRequest.swift */; };
		93F3FE3A296BE098000AACCD /* Test-SceneStorage.swift in Sources */ = {isa = PBXBuildFile; fileRef = 93F3FE39296BE098000AACCD /* Test-SceneStorage.swift */; };
		93F3FE3C296BE268000AACCD /* Test-Environment.swift in Sources */ = {isa = PBXBuildFile; fileRef = 93F3FE3B296BE268000AACCD /* Test-Environment.swift */; };
		93F3FE3E296BE806000AACCD /* Test-ScaledMetric.swift in Sources */ = {isa = PBXBuildFile; fileRef = 93F3FE3D296BE806000AACCD /* Test-ScaledMetric.swift */; };
		93F3FE40296BF00A000AACCD /* Test-GestureState.swift in Sources */ = {isa = PBXBuildFile; fileRef = 93F3FE3F296BF00A000AACCD /* Test-GestureState.swift */; };
		93F3FE42296BFAE3000AACCD /* Test-UIApplicationDelegateAdaptor.swift in Sources */ = {isa = PBXBuildFile; fileRef = 93F3FE41296BFAE3000AACCD /* Test-UIApplicationDelegateAdaptor.swift */; };
		93F3FE46296BFB49000AACCD /* Test-Namespace.swift in Sources */ = {isa = PBXBuildFile; fileRef = 93F3FE45296BFB49000AACCD /* Test-Namespace.swift */; };
		93F3FE48296BFBA3000AACCD /* Test-FocusBinding.swift in Sources */ = {isa = PBXBuildFile; fileRef = 93F3FE47296BFBA3000AACCD /* Test-FocusBinding.swift */; };
		93F3FE4A296BFBF6000AACCD /* Test-FocusValue.swift in Sources */ = {isa = PBXBuildFile; fileRef = 93F3FE49296BFBF6000AACCD /* Test-FocusValue.swift */; };
/* End PBXBuildFile section */

/* Begin PBXFileReference section */
		930780A3296F3FA9003E131F /* SPW.png */ = {isa = PBXFileReference; lastKnownFileType = image.png; path = SPW.png; sourceTree = "<group>"; };
		93181B2D296B24B40030A05C /* SwiftUI-PropertyWrapperTest.app */ = {isa = PBXFileReference; explicitFileType = wrapper.application; includeInIndex = 0; path = "SwiftUI-PropertyWrapperTest.app"; sourceTree = BUILT_PRODUCTS_DIR; };
		93181B30296B24B40030A05C /* SwiftUI_PropertyWrapperTestApp.swift */ = {isa = PBXFileReference; lastKnownFileType = sourcecode.swift; path = SwiftUI_PropertyWrapperTestApp.swift; sourceTree = "<group>"; };
		93181B32296B24B40030A05C /* ContentView.swift */ = {isa = PBXFileReference; lastKnownFileType = sourcecode.swift; path = ContentView.swift; sourceTree = "<group>"; };
		93181B34296B24B60030A05C /* Assets.xcassets */ = {isa = PBXFileReference; lastKnownFileType = folder.assetcatalog; path = Assets.xcassets; sourceTree = "<group>"; };
		93181B37296B24B60030A05C /* Preview Assets.xcassets */ = {isa = PBXFileReference; lastKnownFileType = folder.assetcatalog; path = "Preview Assets.xcassets"; sourceTree = "<group>"; };
		93181B3E296B252B0030A05C /* Test-BasicState.swift */ = {isa = PBXFileReference; lastKnownFileType = sourcecode.swift; path = "Test-BasicState.swift"; sourceTree = "<group>"; };
		93181B40296B27430030A05C /* Test-BasicStateBinding.swift */ = {isa = PBXFileReference; lastKnownFileType = sourcecode.swift; path = "Test-BasicStateBinding.swift"; sourceTree = "<group>"; };
		93181B42296B28740030A05C /* Test-BasicObservableObject.swift */ = {isa = PBXFileReference; lastKnownFileType = sourcecode.swift; path = "Test-BasicObservableObject.swift"; sourceTree = "<group>"; };
		93181B44296B290C0030A05C /* Test-StateBindingMultiLevel.swift */ = {isa = PBXFileReference; lastKnownFileType = sourcecode.swift; path = "Test-StateBindingMultiLevel.swift"; sourceTree = "<group>"; };
		93181B46296B6D690030A05C /* Test-BiggerObservableObject.swift */ = {isa = PBXFileReference; lastKnownFileType = sourcecode.swift; path = "Test-BiggerObservableObject.swift"; sourceTree = "<group>"; };
		93181B48296B7AEB0030A05C /* Test-BasicAppStorage.swift */ = {isa = PBXFileReference; lastKnownFileType = sourcecode.swift; path = "Test-BasicAppStorage.swift"; sourceTree = "<group>"; };
		93181B4A296B8FC60030A05C /* Test-AppStorage.swift */ = {isa = PBXFileReference; lastKnownFileType = sourcecode.swift; path = "Test-AppStorage.swift"; sourceTree = "<group>"; };
		93181B4C296BB8310030A05C /* Test-StateObject.swift */ = {isa = PBXFileReference; lastKnownFileType = sourcecode.swift; path = "Test-StateObject.swift"; sourceTree = "<group>"; };
		931CF9EE296DFF37004D8D21 /* Info.plist */ = {isa = PBXFileReference; lastKnownFileType = text.plist; path = Info.plist; sourceTree = "<group>"; };
		931CF9EF296E898C004D8D21 /* Menu.swift */ = {isa = PBXFileReference; lastKnownFileType = sourcecode.swift; path = Menu.swift; sourceTree = "<group>"; };
		931CF9F2296E8C56004D8D21 /* Func-FormatNavigationTitle.swift */ = {isa = PBXFileReference; lastKnownFileType = sourcecode.swift; path = "Func-FormatNavigationTitle.swift"; sourceTree = "<group>"; };
		9351EDA0296CF69700F2A90D /* Test-StateObjectObservedObject.swift */ = {isa = PBXFileReference; lastKnownFileType = sourcecode.swift; path = "Test-StateObjectObservedObject.swift"; sourceTree = "<group>"; };
		93F3FE37296BDE04000AACCD /* Test-FetchRequest.swift */ = {isa = PBXFileReference; lastKnownFileType = sourcecode.swift; path = "Test-FetchRequest.swift"; sourceTree = "<group>"; };
		93F3FE39296BE098000AACCD /* Test-SceneStorage.swift */ = {isa = PBXFileReference; lastKnownFileType = sourcecode.swift; path = "Test-SceneStorage.swift"; sourceTree = "<group>"; };
		93F3FE3B296BE268000AACCD /* Test-Environment.swift */ = {isa = PBXFileReference; lastKnownFileType = sourcecode.swift; path = "Test-Environment.swift"; sourceTree = "<group>"; };
		93F3FE3D296BE806000AACCD /* Test-ScaledMetric.swift */ = {isa = PBXFileReference; lastKnownFileType = sourcecode.swift; path = "Test-ScaledMetric.swift"; sourceTree = "<group>"; };
		93F3FE3F296BF00A000AACCD /* Test-GestureState.swift */ = {isa = PBXFileReference; lastKnownFileType = sourcecode.swift; path = "Test-GestureState.swift"; sourceTree = "<group>"; };
		93F3FE41296BFAE3000AACCD /* Test-UIApplicationDelegateAdaptor.swift */ = {isa = PBXFileReference; lastKnownFileType = sourcecode.swift; path = "Test-UIApplicationDelegateAdaptor.swift"; sourceTree = "<group>"; };
		93F3FE45296BFB49000AACCD /* Test-Namespace.swift */ = {isa = PBXFileReference; lastKnownFileType = sourcecode.swift; path = "Test-Namespace.swift"; sourceTree = "<group>"; };
		93F3FE47296BFBA3000AACCD /* Test-FocusBinding.swift */ = {isa = PBXFileReference; lastKnownFileType = sourcecode.swift; path = "Test-FocusBinding.swift"; sourceTree = "<group>"; };
		93F3FE49296BFBF6000AACCD /* Test-FocusValue.swift */ = {isa = PBXFileReference; lastKnownFileType = sourcecode.swift; path = "Test-FocusValue.swift"; sourceTree = "<group>"; };
/* End PBXFileReference section */

/* Begin PBXFrameworksBuildPhase section */
		93181B2A296B24B40030A05C /* Frameworks */ = {
			isa = PBXFrameworksBuildPhase;
			buildActionMask = 2147483647;
			files = (
			);
			runOnlyForDeploymentPostprocessing = 0;
		};
/* End PBXFrameworksBuildPhase section */

/* Begin PBXGroup section */
		930780A0296F3F29003E131F /* GitHub-Images */ = {
			isa = PBXGroup;
			children = (
				930780A3296F3FA9003E131F /* SPW.png */,
			);
			path = "GitHub-Images";
			sourceTree = "<group>";
		};
		93181B24296B24B40030A05C = {
			isa = PBXGroup;
			children = (
				930780A0296F3F29003E131F /* GitHub-Images */,
				93181B2F296B24B40030A05C /* SwiftUI-PropertyWrapperTest */,
				93181B2E296B24B40030A05C /* Products */,
			);
			sourceTree = "<group>";
		};
		93181B2E296B24B40030A05C /* Products */ = {
			isa = PBXGroup;
			children = (
				93181B2D296B24B40030A05C /* SwiftUI-PropertyWrapperTest.app */,
			);
			name = Products;
			sourceTree = "<group>";
		};
		93181B2F296B24B40030A05C /* SwiftUI-PropertyWrapperTest */ = {
			isa = PBXGroup;
			children = (
				931CF9EE296DFF37004D8D21 /* Info.plist */,
				93181B30296B24B40030A05C /* SwiftUI_PropertyWrapperTestApp.swift */,
				93181B32296B24B40030A05C /* ContentView.swift */,
				931CF9F1296E8C37004D8D21 /* Menu */,
				93181B3E296B252B0030A05C /* Test-BasicState.swift */,
				93181B40296B27430030A05C /* Test-BasicStateBinding.swift */,
				93181B44296B290C0030A05C /* Test-StateBindingMultiLevel.swift */,
				93181B42296B28740030A05C /* Test-BasicObservableObject.swift */,
				93181B46296B6D690030A05C /* Test-BiggerObservableObject.swift */,
				93181B48296B7AEB0030A05C /* Test-BasicAppStorage.swift */,
				93181B4A296B8FC60030A05C /* Test-AppStorage.swift */,
				9351EDA0296CF69700F2A90D /* Test-StateObjectObservedObject.swift */,
				93F3FE37296BDE04000AACCD /* Test-FetchRequest.swift */,
				93F3FE39296BE098000AACCD /* Test-SceneStorage.swift */,
				93F3FE3B296BE268000AACCD /* Test-Environment.swift */,
				93181B4C296BB8310030A05C /* Test-StateObject.swift */,
				93F3FE3D296BE806000AACCD /* Test-ScaledMetric.swift */,
				93F3FE3F296BF00A000AACCD /* Test-GestureState.swift */,
				93F3FE45296BFB49000AACCD /* Test-Namespace.swift */,
				93F3FE47296BFBA3000AACCD /* Test-FocusBinding.swift */,
				93F3FE49296BFBF6000AACCD /* Test-FocusValue.swift */,
				93F3FE41296BFAE3000AACCD /* Test-UIApplicationDelegateAdaptor.swift */,
				93181B34296B24B60030A05C /* Assets.xcassets */,
				93181B36296B24B60030A05C /* Preview Content */,
			);
			path = "SwiftUI-PropertyWrapperTest";
			sourceTree = "<group>";
		};
		93181B36296B24B60030A05C /* Preview Content */ = {
			isa = PBXGroup;
			children = (
				93181B37296B24B60030A05C /* Preview Assets.xcassets */,
			);
			path = "Preview Content";
			sourceTree = "<group>";
		};
		931CF9F1296E8C37004D8D21 /* Menu */ = {
			isa = PBXGroup;
			children = (
				931CF9EF296E898C004D8D21 /* Menu.swift */,
				931CF9F2296E8C56004D8D21 /* Func-FormatNavigationTitle.swift */,
			);
			path = Menu;
			sourceTree = "<group>";
		};
/* End PBXGroup section */

/* Begin PBXNativeTarget section */
		93181B2C296B24B40030A05C /* SwiftUI-PropertyWrapperTest */ = {
			isa = PBXNativeTarget;
			buildConfigurationList = 93181B3B296B24B60030A05C /* Build configuration list for PBXNativeTarget "SwiftUI-PropertyWrapperTest" */;
			buildPhases = (
				93181B29296B24B40030A05C /* Sources */,
				93181B2A296B24B40030A05C /* Frameworks */,
				93181B2B296B24B40030A05C /* Resources */,
			);
			buildRules = (
			);
			dependencies = (
			);
			name = "SwiftUI-PropertyWrapperTest";
			productName = "SwiftUI-PropertyWrapperTest";
			productReference = 93181B2D296B24B40030A05C /* SwiftUI-PropertyWrapperTest.app */;
			productType = "com.apple.product-type.application";
		};
/* End PBXNativeTarget section */

/* Begin PBXProject section */
		93181B25296B24B40030A05C /* Project object */ = {
			isa = PBXProject;
			attributes = {
				BuildIndependentTargetsInParallel = 1;
				LastSwiftUpdateCheck = 1420;
				LastUpgradeCheck = 1420;
				TargetAttributes = {
					93181B2C296B24B40030A05C = {
						CreatedOnToolsVersion = 14.2;
					};
				};
			};
			buildConfigurationList = 93181B28296B24B40030A05C /* Build configuration list for PBXProject "SwiftUI-PropertyWrapperTest" */;
			compatibilityVersion = "Xcode 14.0";
			developmentRegion = en;
			hasScannedForEncodings = 0;
			knownRegions = (
				en,
				Base,
			);
			mainGroup = 93181B24296B24B40030A05C;
			productRefGroup = 93181B2E296B24B40030A05C /* Products */;
			projectDirPath = "";
			projectRoot = "";
			targets = (
				93181B2C296B24B40030A05C /* SwiftUI-PropertyWrapperTest */,
			);
		};
/* End PBXProject section */

/* Begin PBXResourcesBuildPhase section */
		93181B2B296B24B40030A05C /* Resources */ = {
			isa = PBXResourcesBuildPhase;
			buildActionMask = 2147483647;
			files = (
				930780A4296F3FA9003E131F /* SPW.png in Resources */,
				93181B38296B24B60030A05C /* Preview Assets.xcassets in Resources */,
				93181B35296B24B60030A05C /* Assets.xcassets in Resources */,
			);
			runOnlyForDeploymentPostprocessing = 0;
		};
/* End PBXResourcesBuildPhase section */

/* Begin PBXSourcesBuildPhase section */
		93181B29296B24B40030A05C /* Sources */ = {
			isa = PBXSourcesBuildPhase;
			buildActionMask = 2147483647;
			files = (
				93181B4B296B8FC60030A05C /* Test-AppStorage.swift in Sources */,
				93F3FE46296BFB49000AACCD /* Test-Namespace.swift in Sources */,
				93F3FE3C296BE268000AACCD /* Test-Environment.swift in Sources */,
				93181B33296B24B40030A05C /* ContentView.swift in Sources */,
				931CF9F3296E8C56004D8D21 /* Func-FormatNavigationTitle.swift in Sources */,
				93181B4D296BB8310030A05C /* Test-StateObject.swift in Sources */,
				93181B3F296B252B0030A05C /* Test-BasicState.swift in Sources */,
				93F3FE4A296BFBF6000AACCD /* Test-FocusValue.swift in Sources */,
				93181B49296B7AEB0030A05C /* Test-BasicAppStorage.swift in Sources */,
				93181B47296B6D6A0030A05C /* Test-BiggerObservableObject.swift in Sources */,
				931CF9F0296E898C004D8D21 /* Menu.swift in Sources */,
				93F3FE42296BFAE3000AACCD /* Test-UIApplicationDelegateAdaptor.swift in Sources */,
				93F3FE40296BF00A000AACCD /* Test-GestureState.swift in Sources */,
				93F3FE3A296BE098000AACCD /* Test-SceneStorage.swift in Sources */,
				93F3FE48296BFBA3000AACCD /* Test-FocusBinding.swift in Sources */,
				93181B45296B290C0030A05C /* Test-StateBindingMultiLevel.swift in Sources */,
				93181B31296B24B40030A05C /* SwiftUI_PropertyWrapperTestApp.swift in Sources */,
				93181B43296B28740030A05C /* Test-BasicObservableObject.swift in Sources */,
				9351EDA1296CF69700F2A90D /* Test-StateObjectObservedObject.swift in Sources */,
				93181B41296B27430030A05C /* Test-BasicStateBinding.swift in Sources */,
				93F3FE38296BDE04000AACCD /* Test-FetchRequest.swift in Sources */,
				93F3FE3E296BE806000AACCD /* Test-ScaledMetric.swift in Sources */,
			);
			runOnlyForDeploymentPostprocessing = 0;
		};
/* End PBXSourcesBuildPhase section */

/* Begin XCBuildConfiguration section */
		93181B39296B24B60030A05C /* Debug */ = {
			isa = XCBuildConfiguration;
			buildSettings = {
				ALWAYS_SEARCH_USER_PATHS = NO;
				CLANG_ANALYZER_NONNULL = YES;
				CLANG_ANALYZER_NUMBER_OBJECT_CONVERSION = YES_AGGRESSIVE;
				CLANG_CXX_LANGUAGE_STANDARD = "gnu++20";
				CLANG_ENABLE_MODULES = YES;
				CLANG_ENABLE_OBJC_ARC = YES;
				CLANG_ENABLE_OBJC_WEAK = YES;
				CLANG_WARN_BLOCK_CAPTURE_AUTORELEASING = YES;
				CLANG_WARN_BOOL_CONVERSION = YES;
				CLANG_WARN_COMMA = YES;
				CLANG_WARN_CONSTANT_CONVERSION = YES;
				CLANG_WARN_DEPRECATED_OBJC_IMPLEMENTATIONS = YES;
				CLANG_WARN_DIRECT_OBJC_ISA_USAGE = YES_ERROR;
				CLANG_WARN_DOCUMENTATION_COMMENTS = YES;
				CLANG_WARN_EMPTY_BODY = YES;
				CLANG_WARN_ENUM_CONVERSION = YES;
				CLANG_WARN_INFINITE_RECURSION = YES;
				CLANG_WARN_INT_CONVERSION = YES;
				CLANG_WARN_NON_LITERAL_NULL_CONVERSION = YES;
				CLANG_WARN_OBJC_IMPLICIT_RETAIN_SELF = YES;
				CLANG_WARN_OBJC_LITERAL_CONVERSION = YES;
				CLANG_WARN_OBJC_ROOT_CLASS = YES_ERROR;
				CLANG_WARN_QUOTED_INCLUDE_IN_FRAMEWORK_HEADER = YES;
				CLANG_WARN_RANGE_LOOP_ANALYSIS = YES;
				CLANG_WARN_STRICT_PROTOTYPES = YES;
				CLANG_WARN_SUSPICIOUS_MOVE = YES;
				CLANG_WARN_UNGUARDED_AVAILABILITY = YES_AGGRESSIVE;
				CLANG_WARN_UNREACHABLE_CODE = YES;
				CLANG_WARN__DUPLICATE_METHOD_MATCH = YES;
				COPY_PHASE_STRIP = NO;
				DEBUG_INFORMATION_FORMAT = dwarf;
				ENABLE_STRICT_OBJC_MSGSEND = YES;
				ENABLE_TESTABILITY = YES;
				GCC_C_LANGUAGE_STANDARD = gnu11;
				GCC_DYNAMIC_NO_PIC = NO;
				GCC_NO_COMMON_BLOCKS = YES;
				GCC_OPTIMIZATION_LEVEL = 0;
				GCC_PREPROCESSOR_DEFINITIONS = (
					"DEBUG=1",
					"$(inherited)",
				);
				GCC_WARN_64_TO_32_BIT_CONVERSION = YES;
				GCC_WARN_ABOUT_RETURN_TYPE = YES_ERROR;
				GCC_WARN_UNDECLARED_SELECTOR = YES;
				GCC_WARN_UNINITIALIZED_AUTOS = YES_AGGRESSIVE;
				GCC_WARN_UNUSED_FUNCTION = YES;
				GCC_WARN_UNUSED_VARIABLE = YES;
				IPHONEOS_DEPLOYMENT_TARGET = 16.2;
				MTL_ENABLE_DEBUG_INFO = INCLUDE_SOURCE;
				MTL_FAST_MATH = YES;
				ONLY_ACTIVE_ARCH = YES;
				SDKROOT = iphoneos;
				SWIFT_ACTIVE_COMPILATION_CONDITIONS = DEBUG;
				SWIFT_OPTIMIZATION_LEVEL = "-Onone";
			};
			name = Debug;
		};
		93181B3A296B24B60030A05C /* Release */ = {
			isa = XCBuildConfiguration;
			buildSettings = {
				ALWAYS_SEARCH_USER_PATHS = NO;
				CLANG_ANALYZER_NONNULL = YES;
				CLANG_ANALYZER_NUMBER_OBJECT_CONVERSION = YES_AGGRESSIVE;
				CLANG_CXX_LANGUAGE_STANDARD = "gnu++20";
				CLANG_ENABLE_MODULES = YES;
				CLANG_ENABLE_OBJC_ARC = YES;
				CLANG_ENABLE_OBJC_WEAK = YES;
				CLANG_WARN_BLOCK_CAPTURE_AUTORELEASING = YES;
				CLANG_WARN_BOOL_CONVERSION = YES;
				CLANG_WARN_COMMA = YES;
				CLANG_WARN_CONSTANT_CONVERSION = YES;
				CLANG_WARN_DEPRECATED_OBJC_IMPLEMENTATIONS = YES;
				CLANG_WARN_DIRECT_OBJC_ISA_USAGE = YES_ERROR;
				CLANG_WARN_DOCUMENTATION_COMMENTS = YES;
				CLANG_WARN_EMPTY_BODY = YES;
				CLANG_WARN_ENUM_CONVERSION = YES;
				CLANG_WARN_INFINITE_RECURSION = YES;
				CLANG_WARN_INT_CONVERSION = YES;
				CLANG_WARN_NON_LITERAL_NULL_CONVERSION = YES;
				CLANG_WARN_OBJC_IMPLICIT_RETAIN_SELF = YES;
				CLANG_WARN_OBJC_LITERAL_CONVERSION = YES;
				CLANG_WARN_OBJC_ROOT_CLASS = YES_ERROR;
				CLANG_WARN_QUOTED_INCLUDE_IN_FRAMEWORK_HEADER = YES;
				CLANG_WARN_RANGE_LOOP_ANALYSIS = YES;
				CLANG_WARN_STRICT_PROTOTYPES = YES;
				CLANG_WARN_SUSPICIOUS_MOVE = YES;
				CLANG_WARN_UNGUARDED_AVAILABILITY = YES_AGGRESSIVE;
				CLANG_WARN_UNREACHABLE_CODE = YES;
				CLANG_WARN__DUPLICATE_METHOD_MATCH = YES;
				COPY_PHASE_STRIP = NO;
				DEBUG_INFORMATION_FORMAT = "dwarf-with-dsym";
				ENABLE_NS_ASSERTIONS = NO;
				ENABLE_STRICT_OBJC_MSGSEND = YES;
				GCC_C_LANGUAGE_STANDARD = gnu11;
				GCC_NO_COMMON_BLOCKS = YES;
				GCC_WARN_64_TO_32_BIT_CONVERSION = YES;
				GCC_WARN_ABOUT_RETURN_TYPE = YES_ERROR;
				GCC_WARN_UNDECLARED_SELECTOR = YES;
				GCC_WARN_UNINITIALIZED_AUTOS = YES_AGGRESSIVE;
				GCC_WARN_UNUSED_FUNCTION = YES;
				GCC_WARN_UNUSED_VARIABLE = YES;
				IPHONEOS_DEPLOYMENT_TARGET = 16.2;
				MTL_ENABLE_DEBUG_INFO = NO;
				MTL_FAST_MATH = YES;
				SDKROOT = iphoneos;
				SWIFT_COMPILATION_MODE = wholemodule;
				SWIFT_OPTIMIZATION_LEVEL = "-O";
				VALIDATE_PRODUCT = YES;
			};
			name = Release;
		};
		93181B3C296B24B60030A05C /* Debug */ = {
			isa = XCBuildConfiguration;
			buildSettings = {
				ASSETCATALOG_COMPILER_APPICON_NAME = AppIcon;
				ASSETCATALOG_COMPILER_GLOBAL_ACCENT_COLOR_NAME = AccentColor;
				CODE_SIGN_STYLE = Automatic;
				CURRENT_PROJECT_VERSION = 1;
				DEVELOPMENT_ASSET_PATHS = "\"SwiftUI-PropertyWrapperTest/Preview Content\"";
				DEVELOPMENT_TEAM = T97DA5EFXT;
				ENABLE_PREVIEWS = YES;
				GENERATE_INFOPLIST_FILE = YES;
				INFOPLIST_FILE = "SwiftUI-PropertyWrapperTest/Info.plist";
				INFOPLIST_KEY_UIApplicationSupportsIndirectInputEvents = YES;
				INFOPLIST_KEY_UILaunchScreen_Generation = YES;
				INFOPLIST_KEY_UISupportedInterfaceOrientations_iPad = "UIInterfaceOrientationPortrait UIInterfaceOrientationPortraitUpsideDown UIInterfaceOrientationLandscapeLeft UIInterfaceOrientationLandscapeRight";
				INFOPLIST_KEY_UISupportedInterfaceOrientations_iPhone = "UIInterfaceOrientationPortrait UIInterfaceOrientationLandscapeLeft UIInterfaceOrientationLandscapeRight";
				LD_RUNPATH_SEARCH_PATHS = (
					"$(inherited)",
					"@executable_path/Frameworks",
				);
				MARKETING_VERSION = 1.0;
				PRODUCT_BUNDLE_IDENTIFIER = "dev.marcyvernon.SwiftUI-PropertyWrapperTest";
				PRODUCT_NAME = "$(TARGET_NAME)";
				SWIFT_EMIT_LOC_STRINGS = YES;
				SWIFT_VERSION = 5.0;
				TARGETED_DEVICE_FAMILY = "1,2";
			};
			name = Debug;
		};
		93181B3D296B24B60030A05C /* Release */ = {
			isa = XCBuildConfiguration;
			buildSettings = {
				ASSETCATALOG_COMPILER_APPICON_NAME = AppIcon;
				ASSETCATALOG_COMPILER_GLOBAL_ACCENT_COLOR_NAME = AccentColor;
				CODE_SIGN_STYLE = Automatic;
				CURRENT_PROJECT_VERSION = 1;
				DEVELOPMENT_ASSET_PATHS = "\"SwiftUI-PropertyWrapperTest/Preview Content\"";
				DEVELOPMENT_TEAM = T97DA5EFXT;
				ENABLE_PREVIEWS = YES;
				GENERATE_INFOPLIST_FILE = YES;
				INFOPLIST_FILE = "SwiftUI-PropertyWrapperTest/Info.plist";
				INFOPLIST_KEY_UIApplicationSupportsIndirectInputEvents = YES;
				INFOPLIST_KEY_UILaunchScreen_Generation = YES;
				INFOPLIST_KEY_UISupportedInterfaceOrientations_iPad = "UIInterfaceOrientationPortrait UIInterfaceOrientationPortraitUpsideDown UIInterfaceOrientationLandscapeLeft UIInterfaceOrientationLandscapeRight";
				INFOPLIST_KEY_UISupportedInterfaceOrientations_iPhone = "UIInterfaceOrientationPortrait UIInterfaceOrientationLandscapeLeft UIInterfaceOrientationLandscapeRight";
				LD_RUNPATH_SEARCH_PATHS = (
					"$(inherited)",
					"@executable_path/Frameworks",
				);
				MARKETING_VERSION = 1.0;
				PRODUCT_BUNDLE_IDENTIFIER = "dev.marcyvernon.SwiftUI-PropertyWrapperTest";
				PRODUCT_NAME = "$(TARGET_NAME)";
				SWIFT_EMIT_LOC_STRINGS = YES;
				SWIFT_VERSION = 5.0;
				TARGETED_DEVICE_FAMILY = "1,2";
			};
			name = Release;
		};
/* End XCBuildConfiguration section */

/* Begin XCConfigurationList section */
		93181B28296B24B40030A05C /* Build configuration list for PBXProject "SwiftUI-PropertyWrapperTest" */ = {
			isa = XCConfigurationList;
			buildConfigurations = (
				93181B39296B24B60030A05C /* Debug */,
				93181B3A296B24B60030A05C /* Release */,
			);
			defaultConfigurationIsVisible = 0;
			defaultConfigurationName = Release;
		};
		93181B3B296B24B60030A05C /* Build configuration list for PBXNativeTarget "SwiftUI-PropertyWrapperTest" */ = {
			isa = XCConfigurationList;
			buildConfigurations = (
				93181B3C296B24B60030A05C /* Debug */,
				93181B3D296B24B60030A05C /* Release */,
			);
			defaultConfigurationIsVisible = 0;
			defaultConfigurationName = Release;
		};
/* End XCConfigurationList section */
	};
	rootObject = 93181B25296B24B40030A05C /* Project object */;
}
